{
  "name": "xahau-paychan-hex",
  "version": "1.0.12",
  "lockfileVersion": 3,
  "requires": true,
  "packages": {
    "": {
      "name": "xahau-paychan-hex",
      "version": "1.0.12",
      "license": "ISC",
      "dependencies": {
        "node-addon-api": "^8.3.0",
        "xahau-paychan-hex": "^1.0.1"
      }
    },
    "node_modules/node-addon-api": {
      "version": "8.3.0",
      "resolved": "https://registry.npmjs.org/node-addon-api/-/node-addon-api-8.3.0.tgz",
      "integrity": "sha512-8VOpLHFrOQlAH+qA0ZzuGRlALRA6/LVh8QJldbrC4DY0hXoMP0l4Acq8TzFC018HztWiRqyCEj2aTWY2UvnJUg==",
      "license": "MIT",
      "engines": {
        "node": "^18 || ^20 || >= 21"
      }
    },
    "node_modules/xahau-paychan-hex": {
      "version": "1.0.1",
      "resolved": "https://registry.npmjs.org/xahau-paychan-hex/-/xahau-paychan-hex-1.0.1.tgz",
      "integrity": "sha512-bfAO3lj6SS/vCP279uB+4x5ElpRS4NwqMjGBKqR+bW8jvA8pfcplZ1yJ6Gphn5Fuk3d2tyuSRbdR6lKY8yFJSw==",
      "hasInstallScript": true,
      "license": "ISC",
      "dependencies": {
        "node-addon-api": "^8.3.0"
      }
    }
  }
}
